
Microsoft Visual Studio Solution File, Format Version 12.00
# Visual Studio Version 16
VisualStudioVersion = 16.0.30011.22
MinimumVisualStudioVersion = 10.0.40219.1
Project("{9A19103F-16F7-4668-BE54-9A1E7A4F7556}") = "Api", "Api\Api.csproj", "{D3911FD2-DC79-4E90-8D80-791D1C250019}"
EndProject
Project("{FAE04EC0-301F-11D3-BF4B-00C04F79EFBC}") = "Services", "Services\Services.csproj", "{4A4E772F-28EE-4C3B-83E5-3E3B258D6512}"
EndProject
Project("{FAE04EC0-301F-11D3-BF4B-00C04F79EFBC}") = "UnitTests", "UnitTest\UnitTests.csproj", "{61CAB820-1759-461A-A528-1FBD627C930E}"
EndProject
Global
	GlobalSection(SolutionConfigurationPlatforms) = preSolution
		Debug|Any CPU = Debug|Any CPU
		Release|Any CPU = Release|Any CPU
	EndGlobalSection
	GlobalSection(ProjectConfigurationPlatforms) = postSolution
		{D3911FD2-DC79-4E90-8D80-791D1C250019}.Debug|Any CPU.ActiveCfg = Debug|Any CPU
		{D3911FD2-DC79-4E90-8D80-791D1C250019}.Debug|Any CPU.Build.0 = Debug|Any CPU
		{D3911FD2-DC79-4E90-8D80-791D1C250019}.Release|Any CPU.ActiveCfg = Release|Any CPU
		{D3911FD2-DC79-4E90-8D80-791D1C250019}.Release|Any CPU.Build.0 = Release|Any CPU
		{4A4E772F-28EE-4C3B-83E5-3E3B258D6512}.Debug|Any CPU.ActiveCfg = Debug|Any CPU
		{4A4E772F-28EE-4C3B-83E5-3E3B258D6512}.Debug|Any CPU.Build.0 = Debug|Any CPU
		{4A4E772F-28EE-4C3B-83E5-3E3B258D6512}.Release|Any CPU.ActiveCfg = Release|Any CPU
		{4A4E772F-28EE-4C3B-83E5-3E3B258D6512}.Release|Any CPU.Build.0 = Release|Any CPU
		{61CAB820-1759-461A-A528-1FBD627C930E}.Debug|Any CPU.ActiveCfg = Debug|Any CPU
		{61CAB820-1759-461A-A528-1FBD627C930E}.Debug|Any CPU.Build.0 = Debug|Any CPU
		{61CAB820-1759-461A-A528-1FBD627C930E}.Release|Any CPU.ActiveCfg = Release|Any CPU
		{61CAB820-1759-461A-A528-1FBD627C930E}.Release|Any CPU.Build.0 = Release|Any CPU
	EndGlobalSection
	GlobalSection(SolutionProperties) = preSolution
		HideSolutionNode = FALSE
	EndGlobalSection
	GlobalSection(ExtensibilityGlobals) = postSolution
		SolutionGuid = {7BF3B8FB-FE13-4C60-810E-AD03318CDA6F}
	EndGlobalSection
EndGlobal
